{
  "name": "shininess-contact",
  "version": "1.0.0",
  "lockfileVersion": 3,
  "requires": true,
  "packages": {
    "": {
      "name": "shininess-contact",
      "version": "1.0.0",
      "license": "ISC",
      "workspaces": [
        "svc",
        "web"
      ]
    },
    "node_modules/svc": {
      "resolved": "svc",
      "link": true
    },
    "node_modules/web": {
      "resolved": "web",
      "link": true
    },
    "svc": {
      "version": "1.0.0",
      "license": "ISC"
    },
    "web": {
      "version": "1.0.0",
      "license": "ISC"
    }
  }
}
